Microsoft Visual Studio Solution File, Format Version 12.00
# Visual Studio Version 17
VisualStudioVersion = 17.5.2.0
MinimumVisualStudioVersion = 10.0.40219.1
Project("{FAE04EC0-301F-11D3-BF4B-00C04F79EFBC}") = "PoliMarket.Bodega.Api", "PoliMarket.Bodega.Api.csproj", "{B1908131-EC95-8256-A7BD-5EE29D36351B}"
EndProject
Global
	GlobalSection(SolutionConfigurationPlatforms) = preSolution
		Debug|Any CPU = Debug|Any CPU
		Release|Any CPU = Release|Any CPU
	EndGlobalSection
	GlobalSection(ProjectConfigurationPlatforms) = postSolution
		{B1908131-EC95-8256-A7BD-5EE29D36351B}.Debug|Any CPU.ActiveCfg = Debug|Any CPU
		{B1908131-EC95-8256-A7BD-5EE29D36351B}.Debug|Any CPU.Build.0 = Debug|Any CPU
		{B1908131-EC95-8256-A7BD-5EE29D36351B}.Release|Any CPU.ActiveCfg = Release|Any CPU
		{B1908131-EC95-8256-A7BD-5EE29D36351B}.Release|Any CPU.Build.0 = Release|Any CPU
	EndGlobalSection
	GlobalSection(SolutionProperties) = preSolution
		HideSolutionNode = FALSE
	EndGlobalSection
	GlobalSection(ExtensibilityGlobals) = postSolution
		SolutionGuid = {DF29274C-7D26-4CAE-AE52-1D061A0AA529}
	EndGlobalSection
EndGlobal
